
Microsoft Visual Studio Solution File, Format Version 12.00
# Visual Studio Version 17
VisualStudioVersion = 17.13.35931.197 d17.13
MinimumVisualStudioVersion = 10.0.40219.1
Project("{FAE04EC0-301F-11D3-BF4B-00C04F79EFBC}") = "AddDataPoint", "AddDataPoint\AddDataPoint.csproj", "{147D0BBD-EE5A-4167-A7EA-0F085FD6BF7B}"
EndProject
Global
	GlobalSection(SolutionConfigurationPlatforms) = preSolution
		Debug|Any CPU = Debug|Any CPU
		Release|Any CPU = Release|Any CPU
	EndGlobalSection
	GlobalSection(ProjectConfigurationPlatforms) = postSolution
		{147D0BBD-EE5A-4167-A7EA-0F085FD6BF7B}.Debug|Any CPU.ActiveCfg = Debug|Any CPU
		{147D0BBD-EE5A-4167-A7EA-0F085FD6BF7B}.Debug|Any CPU.Build.0 = Debug|Any CPU
		{147D0BBD-EE5A-4167-A7EA-0F085FD6BF7B}.Release|Any CPU.ActiveCfg = Release|Any CPU
		{147D0BBD-EE5A-4167-A7EA-0F085FD6BF7B}.Release|Any CPU.Build.0 = Release|Any CPU
	EndGlobalSection
	GlobalSection(SolutionProperties) = preSolution
		HideSolutionNode = FALSE
	EndGlobalSection
	GlobalSection(ExtensibilityGlobals) = postSolution
		SolutionGuid = {FCA7E854-8DDF-48C2-B492-53C29534738F}
	EndGlobalSection
EndGlobal
